
Microsoft Visual Studio Solution File, Format Version 12.00
# Visual Studio Version 17
VisualStudioVersion = 17.0.32126.317
MinimumVisualStudioVersion = 10.0.40219.1
Project("{FAE04EC0-301F-11D3-BF4B-00C04F79EFBC}") = "MvcMovie", "MvcMovie\MvcMovie.csproj", "{C7A7C498-240B-4F69-AEE6-06924BD60487}"
EndProject
Global
	GlobalSection(SolutionConfigurationPlatforms) = preSolution
		Debug|Any CPU = Debug|Any CPU
		Release|Any CPU = Release|Any CPU
	EndGlobalSection
	GlobalSection(ProjectConfigurationPlatforms) = postSolution
		{C7A7C498-240B-4F69-AEE6-06924BD60487}.Debug|Any CPU.ActiveCfg = Debug|Any CPU
		{C7A7C498-240B-4F69-AEE6-06924BD60487}.Debug|Any CPU.Build.0 = Debug|Any CPU
		{C7A7C498-240B-4F69-AEE6-06924BD60487}.Release|Any CPU.ActiveCfg = Release|Any CPU
		{C7A7C498-240B-4F69-AEE6-06924BD60487}.Release|Any CPU.Build.0 = Release|Any CPU
	EndGlobalSection
	GlobalSection(SolutionProperties) = preSolution
		HideSolutionNode = FALSE
	EndGlobalSection
	GlobalSection(ExtensibilityGlobals) = postSolution
		SolutionGuid = {CF81384F-14F5-4AE1-A16C-A4438A5FD170}
	EndGlobalSection
EndGlobal
